{
  "name": "xiaochengxu",
  "version": "1.0.0",
  "lockfileVersion": 1,
  "requires": true,
  "dependencies": {
    "apifm-wxapi": {
      "version": "3.1.0",
      "resolved": "https://registry.npmjs.org/apifm-wxapi/-/apifm-wxapi-3.1.0.tgz",
      "integrity": "sha512-JKm3lBRlbi7uyIeCzSk6NyYVEQW3TGTMzQsPw6ZhzSLoX/BBLGnny2Q5FLk5pyj7k/B3yuQaa8XrBURIzx+Wng=="
    }
  }
}
